
Microsoft Visual Studio Solution File, Format Version 12.00
Project("{FAE04EC0-301F-11D3-BF4B-00C04F79EFBC}") = "CommandsAndHandlers", "CommandsAndHandlers.csproj", "{DAD1640E-0E0E-4956-B1A4-B2DE6C7695C3}"
EndProject
Global
	GlobalSection(SolutionConfigurationPlatforms) = preSolution
		Debug|Any CPU = Debug|Any CPU
		Release|Any CPU = Release|Any CPU
	EndGlobalSection
	GlobalSection(ProjectConfigurationPlatforms) = postSolution
		{DAD1640E-0E0E-4956-B1A4-B2DE6C7695C3}.Debug|Any CPU.ActiveCfg = Debug|Any CPU
		{DAD1640E-0E0E-4956-B1A4-B2DE6C7695C3}.Debug|Any CPU.Build.0 = Debug|Any CPU
		{DAD1640E-0E0E-4956-B1A4-B2DE6C7695C3}.Release|Any CPU.ActiveCfg = Release|Any CPU
		{DAD1640E-0E0E-4956-B1A4-B2DE6C7695C3}.Release|Any CPU.Build.0 = Release|Any CPU
	EndGlobalSection
EndGlobal
